{
    "_meta": {
        "hash": {
            "sha256": "50f273a38fa92df35dbefa8ef3057a44c07388d07f49a42184c96cea3667971f"
        },
        "pipfile-spec": 6,
        "requires": {
            "python_version": "3.7"
        },
        "sources": [
            {
                "name": "pypi",
                "url": "https://pypi.org/simple",
                "verify_ssl": true
            }
        ]
    },
    "default": {
        "arrow": {
            "hashes": [
                "sha256:a558d3b7b6ce7ffc74206a86c147052de23d3d4ef0e17c210dd478c53575c4cd"
            ],
            "index": "pypi",
            "version": "==0.12.1"
        },
        "autopep8": {
            "hashes": [
                "sha256:2284d4ae2052fedb9f466c09728e30d2e231cfded5ffd7b1a20c34123fdc4ba4"
            ],
            "index": "pypi",
            "version": "==1.3.5"
        },
        "boto3": {
            "hashes": [
                "sha256:37853caa02f7141d7b1fb2537cc878bc58d2b1386224e3cf551af7f6ae3e4893",
                "sha256:d0d849de20c938519df29e52d64210b408a67a20491e1e7d151588a60deef488"
            ],
            "index": "pypi",
            "version": "==1.7.70"
        },
        "botocore": {
            "hashes": [
                "sha256:380852e1adb9ba4ba9ff096af61f88a6888197b86e580e1bd786f04ebe6f9c0c",
                "sha256:d3e4b5a2c903ea30d19d41ea2f65d0e51dce54f4f4c4dfd6ecd7b04f240844a8"
            ],
            "version": "==1.10.84"
        },
        "certifi": {
            "hashes": [
                "sha256:9c5705e395cd70084351dd8ad5c41e65655e08ce46f2ec9cf6c2c08390f71eb7",
                "sha256:f1d53542ee8cbedbe2118b5686372fb33c297fcd6379b050cca0ef13a597382a"
            ],
            "markers": "python_version >= '3.6'",
            "version": "==2022.5.18.1"
        },
        "chardet": {
            "hashes": [
                "sha256:84ab92ed1c4d4f16916e05906b6b75a6c0fb5db821cc65e70cbd64a3e2a5eaae",
                "sha256:fc323ffcaeaed0e0a02bf4d117757b98aed530d9ed4531e3e15460124c106691"
            ],
            "version": "==3.0.4"
        },
        "click": {
            "hashes": [
                "sha256:7682dc8afb30297001674575ea00d1814d808d6a36af415a82bd481d37ba7b8e",
                "sha256:bb4d8133cb15a609f44e8213d9b391b0809795062913b383c62be0ee95b1db48"
            ],
            "markers": "python_version >= '3.7'",
            "version": "==8.1.3"
        },
        "docutils": {
            "hashes": [
                "sha256:23010f129180089fbcd3bc08cfefccb3b890b0050e1ca00c867036e9d161b98c",
                "sha256:679987caf361a7539d76e584cbeddc311e3aee937877c87346f31debc63e9d06"
            ],
            "markers": "python_version >= '2.7' and python_version not in '3.0, 3.1, 3.2, 3.3, 3.4'",
            "version": "==0.18.1"
        },
        "flake8": {
            "hashes": [
                "sha256:7253265f7abd8b313e3892944044a365e3f4ac3fcdcfb4298f55ee9ddf188ba0",
                "sha256:c7841163e2b576d435799169b78703ad6ac1bbb0f199994fc05f700b2a90ea37"
            ],
            "index": "pypi",
            "version": "==3.5.0"
        },
        "flask": {
            "hashes": [
                "sha256:2271c0070dbcb5275fad4a82e29f23ab92682dc45f9dfbc22c02ba9b9322ce48",
                "sha256:a080b744b7e345ccfcbc77954861cb05b3c63786e93f2b3875e0913d44b43f05"
            ],
            "index": "pypi",
            "version": "==1.0.2"
        },
        "htmlmin": {
            "hashes": [
                "sha256:50c1ef4630374a5d723900096a961cff426dff46b48f34d194a81bbe14eca178"
            ],
            "index": "pypi",
            "version": "==0.1.12"
        },
        "idna": {
            "hashes": [
                "sha256:156a6814fb5ac1fc6850fb002e0852d56c0c8d2531923a51032d1b70760e186e",
                "sha256:684a38a6f903c1d71d6d5fac066b58d7768af4de2b832e426ec79c30daa94a16"
            ],
            "version": "==2.7"
        },
        "importlib-metadata": {
            "hashes": [
                "sha256:5d26852efe48c0a32b0509ffbc583fda1a2266545a78d104a6f4aff3db17d700",
                "sha256:c58c8eb8a762858f49e18436ff552e83914778e50e9d2f1660535ffb364552ec"
            ],
            "markers": "python_version < '3.8'",
            "version": "==4.11.4"
        },
        "itsdangerous": {
            "hashes": [
                "sha256:2c2349112351b88699d8d4b6b075022c0808887cb7ad10069318a8b0bc88db44",
                "sha256:5dbbc68b317e5e42f327f9021763545dc3fc3bfe22e6deb96aaf1fc38874156a"
            ],
            "markers": "python_version >= '3.7'",
            "version": "==2.1.2"
        },
        "jinja2": {
            "hashes": [
                "sha256:31351a702a408a9e7595a8fc6150fc3f43bb6bf7e319770cbc0db9df9437e852",
                "sha256:6088930bfe239f0e6710546ab9c19c9ef35e29792895fed6e6e31a023a182a61"
            ],
            "markers": "python_version >= '3.7'",
            "version": "==3.1.2"
        },
        "jmespath": {
            "hashes": [
                "sha256:b85d0567b8666149a93172712e68920734333c0ce7e89b78b3e987f71e5ed4f9",
                "sha256:cdf6525904cc597730141d61b36f2e4b8ecc257c420fa2f4549bac2c2d0cb72f"
            ],
            "markers": "python_version >= '2.6' and python_version not in '3.0, 3.1, 3.2, 3.3'",
            "version": "==0.10.0"
        },
        "markupsafe": {
            "hashes": [
                "sha256:0212a68688482dc52b2d45013df70d169f542b7394fc744c02a57374a4207003",
                "sha256:089cf3dbf0cd6c100f02945abeb18484bd1ee57a079aefd52cffd17fba910b88",
                "sha256:10c1bfff05d95783da83491be968e8fe789263689c02724e0c691933c52994f5",
                "sha256:33b74d289bd2f5e527beadcaa3f401e0df0a89927c1559c8566c066fa4248ab7",
                "sha256:3799351e2336dc91ea70b034983ee71cf2f9533cdff7c14c90ea126bfd95d65a",
                "sha256:3ce11ee3f23f79dbd06fb3d63e2f6af7b12db1d46932fe7bd8afa259a5996603",
                "sha256:421be9fbf0ffe9ffd7a378aafebbf6f4602d564d34be190fc19a193232fd12b1",
                "sha256:43093fb83d8343aac0b1baa75516da6092f58f41200907ef92448ecab8825135",
                "sha256:46d00d6cfecdde84d40e572d63735ef81423ad31184100411e6e3388d405e247",
                "sha256:4a33dea2b688b3190ee12bd7cfa29d39c9ed176bda40bfa11099a3ce5d3a7ac6",
                "sha256:4b9fe39a2ccc108a4accc2676e77da025ce383c108593d65cc909add5c3bd601",
                "sha256:56442863ed2b06d19c37f94d999035e15ee982988920e12a5b4ba29b62ad1f77",
                "sha256:671cd1187ed5e62818414afe79ed29da836dde67166a9fac6d435873c44fdd02",
                "sha256:694deca8d702d5db21ec83983ce0bb4b26a578e71fbdbd4fdcd387daa90e4d5e",
                "sha256:6a074d34ee7a5ce3effbc526b7083ec9731bb3cbf921bbe1d3005d4d2bdb3a63",
                "sha256:6d0072fea50feec76a4c418096652f2c3238eaa014b2f94aeb1d56a66b41403f",
                "sha256:6fbf47b5d3728c6aea2abb0589b5d30459e369baa772e0f37a0320185e87c980",
                "sha256:7f91197cc9e48f989d12e4e6fbc46495c446636dfc81b9ccf50bb0ec74b91d4b",
                "sha256:86b1f75c4e7c2ac2ccdaec2b9022845dbb81880ca318bb7a0a01fbf7813e3812",
                "sha256:8dc1c72a69aa7e082593c4a203dcf94ddb74bb5c8a731e4e1eb68d031e8498ff",
                "sha256:8e3dcf21f367459434c18e71b2a9532d96547aef8a871872a5bd69a715c15f96",
                "sha256:8e576a51ad59e4bfaac456023a78f6b5e6e7651dcd383bcc3e18d06f9b55d6d1",
                "sha256:96e37a3dc86e80bf81758c152fe66dbf60ed5eca3d26305edf01892257049925",
                "sha256:97a68e6ada378df82bc9f16b800ab77cbf4b2fada0081794318520138c088e4a",
                "sha256:99a2a507ed3ac881b975a2976d59f38c19386d128e7a9a18b7df6fff1fd4c1d6",
                "sha256:a49907dd8420c5685cfa064a1335b6754b74541bbb3706c259c02ed65b644b3e",
                "sha256:b09bf97215625a311f669476f44b8b318b075847b49316d3e28c08e41a7a573f",
                "sha256:b7bd98b796e2b6553da7225aeb61f447f80a1ca64f41d83612e6139ca5213aa4",
                "sha256:b87db4360013327109564f0e591bd2a3b318547bcef31b468a92ee504d07ae4f",
                "sha256:bcb3ed405ed3222f9904899563d6fc492ff75cce56cba05e32eff40e6acbeaa3",
                "sha256:d4306c36ca495956b6d568d276ac11fdd9c30a36f1b6eb928070dc5360b22e1c",
                "sha256:d5ee4f386140395a2c818d149221149c54849dfcfcb9f1debfe07a8b8bd63f9a",
                "sha256:dda30ba7e87fbbb7eab1ec9f58678558fd9a6b8b853530e176eabd064da81417",
                "sha256:e04e26803c9c3851c931eac40c695602c6295b8d432cbe78609649ad9bd2da8a",
                "sha256:e1c0b87e09fa55a220f058d1d49d3fb8df88fbfab58558f1198e08c1e1de842a",
                "sha256:e72591e9ecd94d7feb70c1cbd7be7b3ebea3f548870aa91e2732960fa4d57a37",
                "sha256:e8c843bbcda3a2f1e3c2ab25913c80a3c5376cd00c6e8c4a86a89a28c8dc5452",
                "sha256:efc1913fd2ca4f334418481c7e595c00aad186563bbc1ec76067848c7ca0a933",
                "sha256:f121a1420d4e173a5d96e47e9a0c0dcff965afdf1626d28de1460815f7c4ee7a",
                "sha256:fc7b548b17d238737688817ab67deebb30e8073c95749d55538ed473130ec0c7"
            ],
            "markers": "python_version >= '3.7'",
            "version": "==2.1.1"
        },
        "mccabe": {
            "hashes": [
                "sha256:ab8a6258860da4b6677da4bd2fe5dc2c659cff31b3ee4f7f5d64e79735b80d42",
                "sha256:dd8d182285a0fe56bace7f45b5e7d1a6ebcbf524e8f3bd87eb0f125271b8831f"
            ],
            "version": "==0.6.1"
        },
        "pycodestyle": {
            "hashes": [
                "sha256:682256a5b318149ca0d2a9185d365d8864a768a28db66a84a2ea946bcc426766",
                "sha256:6c4245ade1edfad79c3446fadfc96b0de2759662dc29d07d80a6f27ad1ca6ba9"
            ],
            "version": "==2.3.1"
        },
        "pyflakes": {
            "hashes": [
                "sha256:08bd6a50edf8cffa9fa09a463063c425ecaaf10d1eb0335a7e8b1401aef89e6f",
                "sha256:8d616a382f243dbf19b54743f280b80198be0bca3a5396f1d2e1fca6223e8805"
            ],
            "version": "==1.6.0"
        },
        "python-dateutil": {
            "hashes": [
                "sha256:0123cacc1627ae19ddf3c27a5de5bd67ee4586fbdd6440d9748f8abb483d3e86",
                "sha256:961d03dc3453ebbc59dbdea9e4e11c5651520a876d0f4db161e8674aae935da9"
            ],
            "markers": "python_version >= '2.7' and python_version not in '3.0, 3.1, 3.2, 3.3'",
            "version": "==2.8.2"
        },
        "requests": {
            "hashes": [
                "sha256:63b52e3c866428a224f97cab011de738c36aec0185aa91cfacd418b5d58911d1",
                "sha256:ec22d826a36ed72a7358ff3fe56cbd4ba69dd7a6718ffd450ff0e9df7a47ce6a"
            ],
            "index": "pypi",
            "version": "==2.19.1"
        },
        "s3transfer": {
            "hashes": [
                "sha256:90dc18e028989c609146e241ea153250be451e05ecc0c2832565231dacdf59c1",
                "sha256:c7a9ec356982d5e9ab2d4b46391a7d6a950e2b04c472419f5fdec70cc0ada72f"
            ],
            "version": "==0.1.13"
        },
        "six": {
            "hashes": [
                "sha256:1e61c37477a1626458e36f7b1d82aa5c9b094fa4802892072e49de9c60c4c926",
                "sha256:8abb2f1d86890a2dfb989f9a77cfcfd3e47c2a354b01111771326f8aa26e0254"
            ],
            "markers": "python_version >= '2.7' and python_version not in '3.0, 3.1, 3.2, 3.3'",
            "version": "==1.16.0"
        },
        "smartypants": {
            "hashes": [
                "sha256:8db97f7cbdf08d15b158a86037cd9e116b4cf37703d24e0419a0d64ca5808f0d"
            ],
            "index": "pypi",
            "version": "==2.0.1"
        },
        "tinydb": {
            "hashes": [
                "sha256:c91f0bb2731a04cc2ec2b11474eb2097eee9490d44cf8709279bc546336a559e",
                "sha256:d19fe16ee388ff8f03b9c10dce5cb0bba9cd2fbd5d100103114a1fb2224a84af"
            ],
            "index": "pypi",
            "version": "==3.10.0"
        },
        "typing-extensions": {
            "hashes": [
                "sha256:6657594ee297170d19f67d55c05852a874e7eb634f4f753dbd667855e07c1708",
                "sha256:f1c24655a0da0d1b67f07e17a5e6b2a105894e6824b92096378bb3668ef02376"
            ],
            "markers": "python_version < '3.8'",
            "version": "==4.2.0"
        },
        "ujson": {
            "hashes": [
                "sha256:04a8c388b2d16316df3365c81f368955662581f6a4ff033e9aba2dd1ffc9e05e",
                "sha256:080da13f81740c076e5f16c254a10d0e32f45d225a5e6b0687a86493cfcfbafb",
                "sha256:0b47a138203bb06bdac03b2a89ac9b2993fd32cb7daded06c966dd84300a5786",
                "sha256:102b8eb5e15e6c5537426414d180c28dbf0489e51f7c22b706511ac84aae4458",
                "sha256:11f735870f189bff1841c720115226894415ab6a7796dee8ab46bc767ea2e743",
                "sha256:163191b88842d874e081707d35de2e205e0e396e70fd068d1038879bca8b17ad",
                "sha256:25522c674b35c33f375586ac98d92ce731e79059424507ecbccbfcbce832d597",
                "sha256:27a254a150e46980608b16ef3b609e703173492cfa738f4644c81d7e7d77494c",
                "sha256:2c04456de1fc92cc7062904c176c74e6ea220469b949508be42e819646a28457",
                "sha256:2c7712da662b92f80442a8efc0df09cea3a5efb42b0dd6a642e36b1b40a260d4",
                "sha256:350a3010db0045e1306bbdf889d1bdaee9bb095856c317716f0a74108cf4afe9",
                "sha256:468d7d8dcbafc3fd40cc73e4a533a7a1d4f935f605c15ae6cac32c6d53c4c6aa",
                "sha256:489d495431c80dc0048c4551a0d6cdbf1209e2d274f47c3f72415c91842eeb68",
                "sha256:49ce8521b0cdf210481bd89887fd1bd0a975f66088b1256dafc77c67c8ccb89d",
                "sha256:4d1ed3897e45477b2a4a1371186df299b13938d4d44d850953a4bb0ea4cb38f3",
                "sha256:54ee7c46615b42f7ae9dca90f54d204a4d2041a4c926b08fffa953aa3a246e54",
                "sha256:584c558c23ddc21f5b07d2c54ee527731bd9716101c27829023ab7f3ffbaa8fc",
                "sha256:6227597d0201ceadc902d1a8edaffaeb244050b197368ed25e6f6be0df170a6f",
                "sha256:6677bee8690c71f5e6cf519a6d8400f04fbd3ff9f6c50f35f1b664bc94546f84",
                "sha256:6b455a62bd20e890b2124a65df45313b4292dbea851ef38574e5e2de94691ad5",
                "sha256:6c5bbe6de6c9a5fe8dca56e36fb5c4a42e1a01d4aae1ac20cd8d7d82ccff9430",
                "sha256:729af63e4de30c54b527b54b4100266f79833c1e8ba35e784f01b44c2aca88d8",
                "sha256:754e9da96a24535ae5ab2a52e1d1dfc65a6a717c14063855b83f327fdf2173ea",
                "sha256:75a886bd89d8e5a004a39a6c5dc8a43bb7fcf05129d2dccd16a59602a612823a",
                "sha256:8c3f7578a62d9255650ef32e78d3345e98262e064c9ba3f205311b4c9eb507a6",
                "sha256:90de04391916c5adc7bbcc69bd778e263ed45cc83c070099cb07ed25068d6a12",
                "sha256:940f35e9a0969440621445dbb6adffaa2cea77d0262abc74fce78704120c4534",
                "sha256:9acc874128baddeff908736db251597e4cbd007a384730377a59a61b08886599",
                "sha256:a1a55b3310632661a03ce68ccfb92264031aea21626d6fa5c8f6c32e769be7b6",
                "sha256:a3c6798035b574ceba747de83f3223a622622b7ab77a24f8b4fbea2cb92f14b0",
                "sha256:a5e374e793b0a3c7df20ee4c8234e89859ddb2b2821cc3300ae94ab5b08fa6d0",
                "sha256:a6f3ad3b11578bc4e25d5bd256c938fe2c7c015d8f504bc7835f127ed26a0818",
                "sha256:b3671e1dfc49a4b4453d89fd7438aa9d7cca28afe329c70eba84e2a5778dbf3f",
                "sha256:b5fcbaabf3d115cb816eb165f3fa5de5c5bc795473a554ae55620d134ddf2d36",
                "sha256:bc1a619bad9894dad144184b735c98179c7d92d7b40fbda28eb8b0857bdfdf52",
                "sha256:be909514a47b6272e34cd1213feee324ca35a354e07f1ae3aba12d3694a5279f",
                "sha256:c519743a53bbe8aac6b743bcf50eb83057d1e0341e1ca8f8491f729a885af640",
                "sha256:c549d5a7652c3a0dd00ef6ff910fb01878bc116c66c94ac455a55cffa32cc229",
                "sha256:d1e5c635b7c3465ab8d2e3dc97c341ef1801c53a378f1d1d4cb934f6c90ec66c",
                "sha256:d2357ce7d93eadd29b6efbe72228809948cc59ec6682c20fa6de08aeef1703f8",
                "sha256:d38c2a58c892c680080b22b59eebd77b7c6f4ae24361111fba115f9ed3651dcf",
                "sha256:d57a87bbc77d66b8a2b74bab66357c3bb6194f5d248f1053fb8044787abde73f",
                "sha256:d9b1c3d2b22c040a81ff4e5927ce307919f7ac8bf888afded714d925edc8d0a4",
                "sha256:dc5fd1d5b48edd3cc64e89ea94abe231509fdc938bdeafafe9aef3a05810159f",
                "sha256:dc71ead5706e81fdf1054c8c11e4aaab43527da450a2701213c20717852d1a51",
                "sha256:e53388fb092197cb8f956673792aca994872917d897ca42a0abf7a35e293575a",
                "sha256:e991b7b3a08ac9e9d3a51589ef1c359c8d44ece730351cfac055684bf3787372",
                "sha256:ed78a5b169ece75a1e1368935ce6ab051dcbcd5c158b9796b2f1fa6cc467a651",
                "sha256:ef868bf01851869a26c0ca5f88036903836c3a6b463c74d96b37f294f6bdeea4",
                "sha256:fb4555df1fe018806ba14cc38786269c8e213930103c6d0ac81e506d09d1de7e"
            ],
            "index": "pypi",
            "version": "==5.2.0"
        },
        "urllib3": {
            "hashes": [
                "sha256:a68ac5e15e76e7e5dd2b8f94007233e01effe3e50e8daddf69acfd81cb686baf",
                "sha256:b5725a0bd4ba422ab0e66e89e030c806576753ea3ee08554382c14e685d117b5"
            ],
            "markers": "python_version >= '2.6' and python_version not in '3.0, 3.1, 3.2, 3.3' and python_version < '4'",
            "version": "==1.23"
        },
        "werkzeug": {
            "hashes": [
                "sha256:1ce08e8093ed67d638d63879fd1ba3735817f7a80de3674d293f5984f25fb6e6",
                "sha256:72a4b735692dd3135217911cbeaa1be5fa3f62bffb8745c5215420a03dc55255"
            ],
            "markers": "python_version >= '3.7'",
            "version": "==2.1.2"
        },
        "yapf": {
            "hashes": [
                "sha256:6567745f0b6656f9c33a73c56a393071c699e6284a70d793798ab6e3769d25ec",
                "sha256:a98a6eacca64d2b920558f4a2f78150db9474de821227e60deaa29f186121c63"
            ],
            "index": "pypi",
            "version": "==0.22.0"
        },
        "zipp": {
            "hashes": [
                "sha256:56bf8aadb83c24db6c4b577e13de374ccfb67da2078beba1d037c17980bf43ad",
                "sha256:c4f6e5bbf48e74f7a38e7cc5b0480ff42b0ae5178957d564d18932525d5cf099"
            ],
            "markers": "python_version >= '3.7'",
            "version": "==3.8.0"
        }
    },
    "develop": {
        "yapf": {
            "hashes": [
                "sha256:6567745f0b6656f9c33a73c56a393071c699e6284a70d793798ab6e3769d25ec",
                "sha256:a98a6eacca64d2b920558f4a2f78150db9474de821227e60deaa29f186121c63"
            ],
            "index": "pypi",
            "version": "==0.22.0"
        }
    }
}
